
Microsoft Visual Studio Solution File, Format Version 12.00
Project("{FAE04EC0-301F-11D3-BF4B-00C04F79EFBC}") = "CsharpDSA", "CsharpDSA\CsharpDSA.csproj", "{A1334A8E-2FEE-456B-8530-2256A5C2AB87}"
EndProject
Global
	GlobalSection(SolutionConfigurationPlatforms) = preSolution
		Debug|Any CPU = Debug|Any CPU
		Release|Any CPU = Release|Any CPU
	EndGlobalSection
	GlobalSection(ProjectConfigurationPlatforms) = postSolution
		{A1334A8E-2FEE-456B-8530-2256A5C2AB87}.Debug|Any CPU.ActiveCfg = Debug|Any CPU
		{A1334A8E-2FEE-456B-8530-2256A5C2AB87}.Debug|Any CPU.Build.0 = Debug|Any CPU
		{A1334A8E-2FEE-456B-8530-2256A5C2AB87}.Release|Any CPU.ActiveCfg = Release|Any CPU
		{A1334A8E-2FEE-456B-8530-2256A5C2AB87}.Release|Any CPU.Build.0 = Release|Any CPU
	EndGlobalSection
EndGlobal
